
Microsoft Visual Studio Solution File, Format Version 12.00
# Visual Studio Version 17
VisualStudioVersion = 17.0.31912.275
MinimumVisualStudioVersion = 10.0.40219.1
Project("{FAE04EC0-301F-11D3-BF4B-00C04F79EFBC}") = "OOP", "OOP\OOP.csproj", "{A187D085-C8D0-4716-AC21-8EDA603C89D4}"
EndProject
Global
	GlobalSection(SolutionConfigurationPlatforms) = preSolution
		Debug|Any CPU = Debug|Any CPU
		Release|Any CPU = Release|Any CPU
	EndGlobalSection
	GlobalSection(ProjectConfigurationPlatforms) = postSolution
		{A187D085-C8D0-4716-AC21-8EDA603C89D4}.Debug|Any CPU.ActiveCfg = Debug|Any CPU
		{A187D085-C8D0-4716-AC21-8EDA603C89D4}.Debug|Any CPU.Build.0 = Debug|Any CPU
		{A187D085-C8D0-4716-AC21-8EDA603C89D4}.Release|Any CPU.ActiveCfg = Release|Any CPU
		{A187D085-C8D0-4716-AC21-8EDA603C89D4}.Release|Any CPU.Build.0 = Release|Any CPU
	EndGlobalSection
	GlobalSection(SolutionProperties) = preSolution
		HideSolutionNode = FALSE
	EndGlobalSection
	GlobalSection(ExtensibilityGlobals) = postSolution
		SolutionGuid = {971A17BE-F905-4427-BB33-3549BC07284C}
	EndGlobalSection
EndGlobal
